// !$*UTF8*$!
{
	archiveVersion = 1;
	classes = {
	};
	objectVersion = 50;
	objects = {

/* Begin PBXBuildFile section */
		151E8D6721AE4FF200948394 /* AppDelegate.swift in Sources */ = {isa = PBXBuildFile; fileRef = 151E8D6621AE4FF200948394 /* AppDelegate.swift */; };
		151E8D6921AE4FF200948394 /* ViewController.swift in Sources */ = {isa = PBXBuildFile; fileRef = 151E8D6821AE4FF200948394 /* ViewController.swift */; };
		151E8D6C21AE4FF200948394 /* Main.storyboard in Resources */ = {isa = PBXBuildFile; fileRef = 151E8D6A21AE4FF200948394 /* Main.storyboard */; };
		151E8D6E21AE4FF300948394 /* Assets.xcassets in Resources */ = {isa = PBXBuildFile; fileRef = 151E8D6D21AE4FF300948394 /* Assets.xcassets */; };
		151E8D7121AE4FF300948394 /* LaunchScreen.storyboard in Resources */ = {isa = PBXBuildFile; fileRef = 151E8D6F21AE4FF300948394 /* LaunchScreen.storyboard */; };
		151E8D7921AE525F00948394 /* CategoryCell.swift in Sources */ = {isa = PBXBuildFile; fileRef = 151E8D7821AE525F00948394 /* CategoryCell.swift */; };
		151E8D9121AFBA6600948394 /* MovieCategory.swift in Sources */ = {isa = PBXBuildFile; fileRef = 151E8D9021AFBA6600948394 /* MovieCategory.swift */; };
		151E8D9321AFBB4900948394 /* Movie.swift in Sources */ = {isa = PBXBuildFile; fileRef = 151E8D9221AFBB4900948394 /* Movie.swift */; };
		151E8D9521AFBB5800948394 /* FeaturedMovies.swift in Sources */ = {isa = PBXBuildFile; fileRef = 151E8D9421AFBB5800948394 /* FeaturedMovies.swift */; };
		151E8D9721AFBE0600948394 /* movies.json in Resources */ = {isa = PBXBuildFile; fileRef = 151E8D9621AFBE0600948394 /* movies.json */; };
		151E8D9A21AFC13B00948394 /* Header.swift in Sources */ = {isa = PBXBuildFile; fileRef = 151E8D9921AFC13B00948394 /* Header.swift */; };
		151E8D9F21AFC51200948394 /* String.swift in Sources */ = {isa = PBXBuildFile; fileRef = 151E8D9E21AFC51200948394 /* String.swift */; };
		151E8DA121AFFC5A00948394 /* CustomMenuHeaderView.swift in Sources */ = {isa = PBXBuildFile; fileRef = 151E8DA021AFFC5A00948394 /* CustomMenuHeaderView.swift */; };
		151E8DA321AFFD5300948394 /* ProfileImageView.swift in Sources */ = {isa = PBXBuildFile; fileRef = 151E8DA221AFFD5300948394 /* ProfileImageView.swift */; };
		151E8DA521AFFEEF00948394 /* SpacerView.swift in Sources */ = {isa = PBXBuildFile; fileRef = 151E8DA421AFFEEF00948394 /* SpacerView.swift */; };
		151E8DA921AFFF5600948394 /* ProfileCell.swift in Sources */ = {isa = PBXBuildFile; fileRef = 151E8DA821AFFF5600948394 /* ProfileCell.swift */; };
		151E8DAD21B005F200948394 /* BaseSlidingController.swift in Sources */ = {isa = PBXBuildFile; fileRef = 151E8DAC21B005F200948394 /* BaseSlidingController.swift */; };
		151E8DAF21B0097F00948394 /* ProfileController.swift in Sources */ = {isa = PBXBuildFile; fileRef = 151E8DAE21B0097F00948394 /* ProfileController.swift */; };
		151E8DB121B00BC200948394 /* WatchedController.swift in Sources */ = {isa = PBXBuildFile; fileRef = 151E8DB021B00BC200948394 /* WatchedController.swift */; };
		151E8DB321B00BF400948394 /* WishlistsController.swift in Sources */ = {isa = PBXBuildFile; fileRef = 151E8DB221B00BF400948394 /* WishlistsController.swift */; };
		151E8DB821B045DB00948394 /* MovieDetailController.swift in Sources */ = {isa = PBXBuildFile; fileRef = 151E8DB721B045DB00948394 /* MovieDetailController.swift */; };
		151E8DBE21B07AAF00948394 /* MovieDetailDescriptionCell.swift in Sources */ = {isa = PBXBuildFile; fileRef = 151E8DBD21B07AAF00948394 /* MovieDetailDescriptionCell.swift */; };
		5465663860C5BAA0C38A3B78 /* Pods_ShudderProject.framework in Frameworks */ = {isa = PBXBuildFile; fileRef = 428FE97BD4CF4DC7D07E3619 /* Pods_ShudderProject.framework */; };
/* End PBXBuildFile section */

/* Begin PBXFileReference section */
		151E8D6321AE4FF200948394 /* ShudderProject.app */ = {isa = PBXFileReference; explicitFileType = wrapper.application; includeInIndex = 0; path = ShudderProject.app; sourceTree = BUILT_PRODUCTS_DIR; };
		151E8D6621AE4FF200948394 /* AppDelegate.swift */ = {isa = PBXFileReference; lastKnownFileType = sourcecode.swift; path = AppDelegate.swift; sourceTree = "<group>"; };
		151E8D6821AE4FF200948394 /* ViewController.swift */ = {isa = PBXFileReference; lastKnownFileType = sourcecode.swift; path = ViewController.swift; sourceTree = "<group>"; };
		151E8D6B21AE4FF200948394 /* Base */ = {isa = PBXFileReference; lastKnownFileType = file.storyboard; name = Base; path = Base.lproj/Main.storyboard; sourceTree = "<group>"; };
		151E8D6D21AE4FF300948394 /* Assets.xcassets */ = {isa = PBXFileReference; lastKnownFileType = folder.assetcatalog; path = Assets.xcassets; sourceTree = "<group>"; };
		151E8D7021AE4FF300948394 /* Base */ = {isa = PBXFileReference; lastKnownFileType = file.storyboard; name = Base; path = Base.lproj/LaunchScreen.storyboard; sourceTree = "<group>"; };
		151E8D7221AE4FF300948394 /* Info.plist */ = {isa = PBXFileReference; lastKnownFileType = text.plist.xml; path = Info.plist; sourceTree = "<group>"; };
		151E8D7821AE525F00948394 /* CategoryCell.swift */ = {isa = PBXFileReference; lastKnownFileType = sourcecode.swift; path = CategoryCell.swift; sourceTree = "<group>"; };
		151E8D9021AFBA6600948394 /* MovieCategory.swift */ = {isa = PBXFileReference; lastKnownFileType = sourcecode.swift; path = MovieCategory.swift; sourceTree = "<group>"; };
		151E8D9221AFBB4900948394 /* Movie.swift */ = {isa = PBXFileReference; lastKnownFileType = sourcecode.swift; path = Movie.swift; sourceTree = "<group>"; };
		151E8D9421AFBB5800948394 /* FeaturedMovies.swift */ = {isa = PBXFileReference; lastKnownFileType = sourcecode.swift; path = FeaturedMovies.swift; sourceTree = "<group>"; };
		151E8D9621AFBE0600948394 /* movies.json */ = {isa = PBXFileReference; lastKnownFileType = text.json; path = movies.json; sourceTree = "<group>"; xcLanguageSpecificationIdentifier = xcode.lang.json; };
		151E8D9921AFC13B00948394 /* Header.swift */ = {isa = PBXFileReference; lastKnownFileType = sourcecode.swift; path = Header.swift; sourceTree = "<group>"; };
		151E8D9E21AFC51200948394 /* String.swift */ = {isa = PBXFileReference; lastKnownFileType = sourcecode.swift; path = String.swift; sourceTree = "<group>"; };
		151E8DA021AFFC5A00948394 /* CustomMenuHeaderView.swift */ = {isa = PBXFileReference; lastKnownFileType = sourcecode.swift; path = CustomMenuHeaderView.swift; sourceTree = "<group>"; };
		151E8DA221AFFD5300948394 /* ProfileImageView.swift */ = {isa = PBXFileReference; lastKnownFileType = sourcecode.swift; path = ProfileImageView.swift; sourceTree = "<group>"; };
		151E8DA421AFFEEF00948394 /* SpacerView.swift */ = {isa = PBXFileReference; lastKnownFileType = sourcecode.swift; path = SpacerView.swift; sourceTree = "<group>"; };
		151E8DA821AFFF5600948394 /* ProfileCell.swift */ = {isa = PBXFileReference; lastKnownFileType = sourcecode.swift; path = ProfileCell.swift; sourceTree = "<group>"; };
		151E8DAC21B005F200948394 /* BaseSlidingController.swift */ = {isa = PBXFileReference; lastKnownFileType = sourcecode.swift; path = BaseSlidingController.swift; sourceTree = "<group>"; };
		151E8DAE21B0097F00948394 /* ProfileController.swift */ = {isa = PBXFileReference; lastKnownFileType = sourcecode.swift; path = ProfileController.swift; sourceTree = "<group>"; };
		151E8DB021B00BC200948394 /* WatchedController.swift */ = {isa = PBXFileReference; lastKnownFileType = sourcecode.swift; path = WatchedController.swift; sourceTree = "<group>"; };
		151E8DB221B00BF400948394 /* WishlistsController.swift */ = {isa = PBXFileReference; lastKnownFileType = sourcecode.swift; path = WishlistsController.swift; sourceTree = "<group>"; };
		151E8DB721B045DB00948394 /* MovieDetailController.swift */ = {isa = PBXFileReference; lastKnownFileType = sourcecode.swift; path = MovieDetailController.swift; sourceTree = "<group>"; };
		151E8DBD21B07AAF00948394 /* MovieDetailDescriptionCell.swift */ = {isa = PBXFileReference; lastKnownFileType = sourcecode.swift; path = MovieDetailDescriptionCell.swift; sourceTree = "<group>"; };
		428FE97BD4CF4DC7D07E3619 /* Pods_ShudderProject.framework */ = {isa = PBXFileReference; explicitFileType = wrapper.framework; includeInIndex = 0; path = Pods_ShudderProject.framework; sourceTree = BUILT_PRODUCTS_DIR; };
		7496874A0F256D6CEF38FB85 /* Pods-ShudderProject.release.xcconfig */ = {isa = PBXFileReference; includeInIndex = 1; lastKnownFileType = text.xcconfig; name = "Pods-ShudderProject.release.xcconfig"; path = "Pods/Target Support Files/Pods-ShudderProject/Pods-ShudderProject.release.xcconfig"; sourceTree = "<group>"; };
		B7783F99F6D55CA0F217E1FE /* Pods-ShudderProject.debug.xcconfig */ = {isa = PBXFileReference; includeInIndex = 1; lastKnownFileType = text.xcconfig; name = "Pods-ShudderProject.debug.xcconfig"; path = "Pods/Target Support Files/Pods-ShudderProject/Pods-ShudderProject.debug.xcconfig"; sourceTree = "<group>"; };
/* End PBXFileReference section */

/* Begin PBXFrameworksBuildPhase section */
		151E8D6021AE4FF200948394 /* Frameworks */ = {
			isa = PBXFrameworksBuildPhase;
			buildActionMask = 2147483647;
			files = (
				5465663860C5BAA0C38A3B78 /* Pods_ShudderProject.framework in Frameworks */,
			);
			runOnlyForDeploymentPostprocessing = 0;
		};
/* End PBXFrameworksBuildPhase section */

/* Begin PBXGroup section */
		0B129B72F21D098A4C3FDC1C /* Frameworks */ = {
			isa = PBXGroup;
			children = (
				428FE97BD4CF4DC7D07E3619 /* Pods_ShudderProject.framework */,
			);
			name = Frameworks;
			sourceTree = "<group>";
		};
		151E8D5A21AE4FF200948394 = {
			isa = PBXGroup;
			children = (
				151E8D6521AE4FF200948394 /* ShudderProject */,
				151E8D6421AE4FF200948394 /* Products */,
				2182C18BC7E3467ECB7824F6 /* Pods */,
				0B129B72F21D098A4C3FDC1C /* Frameworks */,
			);
			sourceTree = "<group>";
		};
		151E8D6421AE4FF200948394 /* Products */ = {
			isa = PBXGroup;
			children = (
				151E8D6321AE4FF200948394 /* ShudderProject.app */,
			);
			name = Products;
			sourceTree = "<group>";
		};
		151E8D6521AE4FF200948394 /* ShudderProject */ = {
			isa = PBXGroup;
			children = (
				151E8DAA21B005CE00948394 /* Controllers */,
				151E8D9D21AFC50700948394 /* Extensions */,
				151E8D9821AFC11A00948394 /* Views */,
				151E8D8F21AFB9E200948394 /* Models */,
				151E8D8C21AFB94800948394 /* Files */,
				151E8D6621AE4FF200948394 /* AppDelegate.swift */,
				151E8D6A21AE4FF200948394 /* Main.storyboard */,
				151E8D6D21AE4FF300948394 /* Assets.xcassets */,
				151E8D6F21AE4FF300948394 /* LaunchScreen.storyboard */,
				151E8D7221AE4FF300948394 /* Info.plist */,
			);
			path = ShudderProject;
			sourceTree = "<group>";
		};
		151E8D8C21AFB94800948394 /* Files */ = {
			isa = PBXGroup;
			children = (
				151E8D9621AFBE0600948394 /* movies.json */,
			);
			path = Files;
			sourceTree = "<group>";
		};
		151E8D8F21AFB9E200948394 /* Models */ = {
			isa = PBXGroup;
			children = (
				151E8D9021AFBA6600948394 /* MovieCategory.swift */,
				151E8D9221AFBB4900948394 /* Movie.swift */,
				151E8D9421AFBB5800948394 /* FeaturedMovies.swift */,
			);
			path = Models;
			sourceTree = "<group>";
		};
		151E8D9821AFC11A00948394 /* Views */ = {
			isa = PBXGroup;
			children = (
				151E8D9921AFC13B00948394 /* Header.swift */,
				151E8DA021AFFC5A00948394 /* CustomMenuHeaderView.swift */,
				151E8DA221AFFD5300948394 /* ProfileImageView.swift */,
				151E8DA421AFFEEF00948394 /* SpacerView.swift */,
				151E8DA821AFFF5600948394 /* ProfileCell.swift */,
				151E8D7821AE525F00948394 /* CategoryCell.swift */,
				151E8DBD21B07AAF00948394 /* MovieDetailDescriptionCell.swift */,
			);
			path = Views;
			sourceTree = "<group>";
		};
		151E8D9D21AFC50700948394 /* Extensions */ = {
			isa = PBXGroup;
			children = (
				151E8D9E21AFC51200948394 /* String.swift */,
			);
			path = Extensions;
			sourceTree = "<group>";
		};
		151E8DAA21B005CE00948394 /* Controllers */ = {
			isa = PBXGroup;
			children = (
				151E8DAB21B005D500948394 /* Base */,
				151E8DAE21B0097F00948394 /* ProfileController.swift */,
				151E8D6821AE4FF200948394 /* ViewController.swift */,
				151E8DB021B00BC200948394 /* WatchedController.swift */,
				151E8DB221B00BF400948394 /* WishlistsController.swift */,
				151E8DB721B045DB00948394 /* MovieDetailController.swift */,
			);
			path = Controllers;
			sourceTree = "<group>";
		};
		151E8DAB21B005D500948394 /* Base */ = {
			isa = PBXGroup;
			children = (
				151E8DAC21B005F200948394 /* BaseSlidingController.swift */,
			);
			path = Base;
			sourceTree = "<group>";
		};
		2182C18BC7E3467ECB7824F6 /* Pods */ = {
			isa = PBXGroup;
			children = (
				B7783F99F6D55CA0F217E1FE /* Pods-ShudderProject.debug.xcconfig */,
				7496874A0F256D6CEF38FB85 /* Pods-ShudderProject.release.xcconfig */,
			);
			name = Pods;
			sourceTree = "<group>";
		};
/* End PBXGroup section */

/* Begin PBXNativeTarget section */
		151E8D6221AE4FF200948394 /* ShudderProject */ = {
			isa = PBXNativeTarget;
			buildConfigurationList = 151E8D7521AE4FF300948394 /* Build configuration list for PBXNativeTarget "ShudderProject" */;
			buildPhases = (
				47760F962104D1EF0E0CB948 /* [CP] Check Pods Manifest.lock */,
				151E8D5F21AE4FF200948394 /* Sources */,
				151E8D6021AE4FF200948394 /* Frameworks */,
				151E8D6121AE4FF200948394 /* Resources */,
				0CA102597BD28240EDD7C041 /* [CP] Embed Pods Frameworks */,
			);
			buildRules = (
			);
			dependencies = (
			);
			name = ShudderProject;
			productName = ShudderProject;
			productReference = 151E8D6321AE4FF200948394 /* ShudderProject.app */;
			productType = "com.apple.product-type.application";
		};
/* End PBXNativeTarget section */

/* Begin PBXProject section */
		151E8D5B21AE4FF200948394 /* Project object */ = {
			isa = PBXProject;
			attributes = {
				LastSwiftUpdateCheck = 1010;
				LastUpgradeCheck = 1010;
				ORGANIZATIONNAME = "Duy Khac";
				TargetAttributes = {
					151E8D6221AE4FF200948394 = {
						CreatedOnToolsVersion = 10.1;
					};
				};
			};
			buildConfigurationList = 151E8D5E21AE4FF200948394 /* Build configuration list for PBXProject "ShudderProject" */;
			compatibilityVersion = "Xcode 9.3";
			developmentRegion = en;
			hasScannedForEncodings = 0;
			knownRegions = (
				en,
				Base,
			);
			mainGroup = 151E8D5A21AE4FF200948394;
			productRefGroup = 151E8D6421AE4FF200948394 /* Products */;
			projectDirPath = "";
			projectRoot = "";
			targets = (
				151E8D6221AE4FF200948394 /* ShudderProject */,
			);
		};
/* End PBXProject section */

/* Begin PBXResourcesBuildPhase section */
		151E8D6121AE4FF200948394 /* Resources */ = {
			isa = PBXResourcesBuildPhase;
			buildActionMask = 2147483647;
			files = (
				151E8D7121AE4FF300948394 /* LaunchScreen.storyboard in Resources */,
				151E8D6E21AE4FF300948394 /* Assets.xcassets in Resources */,
				151E8D9721AFBE0600948394 /* movies.json in Resources */,
				151E8D6C21AE4FF200948394 /* Main.storyboard in Resources */,
			);
			runOnlyForDeploymentPostprocessing = 0;
		};
/* End PBXResourcesBuildPhase section */

/* Begin PBXShellScriptBuildPhase section */
		0CA102597BD28240EDD7C041 /* [CP] Embed Pods Frameworks */ = {
			isa = PBXShellScriptBuildPhase;
			buildActionMask = 2147483647;
			files = (
			);
			inputPaths = (
				"${SRCROOT}/Pods/Target Support Files/Pods-ShudderProject/Pods-ShudderProject-frameworks.sh",
				"${BUILT_PRODUCTS_DIR}/SDWebImage/SDWebImage.framework",
			);
			name = "[CP] Embed Pods Frameworks";
			outputPaths = (
				"${TARGET_BUILD_DIR}/${FRAMEWORKS_FOLDER_PATH}/SDWebImage.framework",
			);
			runOnlyForDeploymentPostprocessing = 0;
			shellPath = /bin/sh;
			shellScript = "\"${SRCROOT}/Pods/Target Support Files/Pods-ShudderProject/Pods-ShudderProject-frameworks.sh\"\n";
			showEnvVarsInLog = 0;
		};
		47760F962104D1EF0E0CB948 /* [CP] Check Pods Manifest.lock */ = {
			isa = PBXShellScriptBuildPhase;
			buildActionMask = 2147483647;
			files = (
			);
			inputPaths = (
				"${PODS_PODFILE_DIR_PATH}/Podfile.lock",
				"${PODS_ROOT}/Manifest.lock",
			);
			name = "[CP] Check Pods Manifest.lock";
			outputPaths = (
				"$(DERIVED_FILE_DIR)/Pods-ShudderProject-checkManifestLockResult.txt",
			);
			runOnlyForDeploymentPostprocessing = 0;
			shellPath = /bin/sh;
			shellScript = "diff \"${PODS_PODFILE_DIR_PATH}/Podfile.lock\" \"${PODS_ROOT}/Manifest.lock\" > /dev/null\nif [ $? != 0 ] ; then\n    # print error to STDERR\n    echo \"error: The sandbox is not in sync with the Podfile.lock. Run 'pod install' or update your CocoaPods installation.\" >&2\n    exit 1\nfi\n# This output is used by Xcode 'outputs' to avoid re-running this script phase.\necho \"SUCCESS\" > \"${SCRIPT_OUTPUT_FILE_0}\"\n";
			showEnvVarsInLog = 0;
		};
/* End PBXShellScriptBuildPhase section */

/* Begin PBXSourcesBuildPhase section */
		151E8D5F21AE4FF200948394 /* Sources */ = {
			isa = PBXSourcesBuildPhase;
			buildActionMask = 2147483647;
			files = (
				151E8D9121AFBA6600948394 /* MovieCategory.swift in Sources */,
				151E8DAD21B005F200948394 /* BaseSlidingController.swift in Sources */,
				151E8DB321B00BF400948394 /* WishlistsController.swift in Sources */,
				151E8D6921AE4FF200948394 /* ViewController.swift in Sources */,
				151E8DA521AFFEEF00948394 /* SpacerView.swift in Sources */,
				151E8DA321AFFD5300948394 /* ProfileImageView.swift in Sources */,
				151E8D9521AFBB5800948394 /* FeaturedMovies.swift in Sources */,
				151E8D9A21AFC13B00948394 /* Header.swift in Sources */,
				151E8DAF21B0097F00948394 /* ProfileController.swift in Sources */,
				151E8DA121AFFC5A00948394 /* CustomMenuHeaderView.swift in Sources */,
				151E8D6721AE4FF200948394 /* AppDelegate.swift in Sources */,
				151E8D7921AE525F00948394 /* CategoryCell.swift in Sources */,
				151E8DA921AFFF5600948394 /* ProfileCell.swift in Sources */,
				151E8D9F21AFC51200948394 /* String.swift in Sources */,
				151E8DB121B00BC200948394 /* WatchedController.swift in Sources */,
				151E8DB821B045DB00948394 /* MovieDetailController.swift in Sources */,
				151E8DBE21B07AAF00948394 /* MovieDetailDescriptionCell.swift in Sources */,
				151E8D9321AFBB4900948394 /* Movie.swift in Sources */,
			);
			runOnlyForDeploymentPostprocessing = 0;
		};
/* End PBXSourcesBuildPhase section */

/* Begin PBXVariantGroup section */
		151E8D6A21AE4FF200948394 /* Main.storyboard */ = {
			isa = PBXVariantGroup;
			children = (
				151E8D6B21AE4FF200948394 /* Base */,
			);
			name = Main.storyboard;
			sourceTree = "<group>";
		};
		151E8D6F21AE4FF300948394 /* LaunchScreen.storyboard */ = {
			isa = PBXVariantGroup;
			children = (
				151E8D7021AE4FF300948394 /* Base */,
			);
			name = LaunchScreen.storyboard;
			sourceTree = "<group>";
		};
/* End PBXVariantGroup section */

/* Begin XCBuildConfiguration section */
		151E8D7321AE4FF300948394 /* Debug */ = {
			isa = XCBuildConfiguration;
			buildSettings = {
				ALWAYS_SEARCH_USER_PATHS = NO;
				CLANG_ANALYZER_NONNULL = YES;
				CLANG_ANALYZER_NUMBER_OBJECT_CONVERSION = YES_AGGRESSIVE;
				CLANG_CXX_LANGUAGE_STANDARD = "gnu++14";
				CLANG_CXX_LIBRARY = "libc++";
				CLANG_ENABLE_MODULES = YES;
				CLANG_ENABLE_OBJC_ARC = YES;
				CLANG_ENABLE_OBJC_WEAK = YES;
				CLANG_WARN_BLOCK_CAPTURE_AUTORELEASING = YES;
				CLANG_WARN_BOOL_CONVERSION = YES;
				CLANG_WARN_COMMA = YES;
				CLANG_WARN_CONSTANT_CONVERSION = YES;
				CLANG_WARN_DEPRECATED_OBJC_IMPLEMENTATIONS = YES;
				CLANG_WARN_DIRECT_OBJC_ISA_USAGE = YES_ERROR;
				CLANG_WARN_DOCUMENTATION_COMMENTS = YES;
				CLANG_WARN_EMPTY_BODY = YES;
				CLANG_WARN_ENUM_CONVERSION = YES;
				CLANG_WARN_INFINITE_RECURSION = YES;
				CLANG_WARN_INT_CONVERSION = YES;
				CLANG_WARN_NON_LITERAL_NULL_CONVERSION = YES;
				CLANG_WARN_OBJC_IMPLICIT_RETAIN_SELF = YES;
				CLANG_WARN_OBJC_LITERAL_CONVERSION = YES;
				CLANG_WARN_OBJC_ROOT_CLASS = YES_ERROR;
				CLANG_WARN_RANGE_LOOP_ANALYSIS = YES;
				CLANG_WARN_STRICT_PROTOTYPES = YES;
				CLANG_WARN_SUSPICIOUS_MOVE = YES;
				CLANG_WARN_UNGUARDED_AVAILABILITY = YES_AGGRESSIVE;
				CLANG_WARN_UNREACHABLE_CODE = YES;
				CLANG_WARN__DUPLICATE_METHOD_MATCH = YES;
				CODE_SIGN_IDENTITY = "iPhone Developer";
				COPY_PHASE_STRIP = NO;
				DEBUG_INFORMATION_FORMAT = dwarf;
				ENABLE_STRICT_OBJC_MSGSEND = YES;
				ENABLE_TESTABILITY = YES;
				GCC_C_LANGUAGE_STANDARD = gnu11;
				GCC_DYNAMIC_NO_PIC = NO;
				GCC_NO_COMMON_BLOCKS = YES;
				GCC_OPTIMIZATION_LEVEL = 0;
				GCC_PREPROCESSOR_DEFINITIONS = (
					"DEBUG=1",
					"$(inherited)",
				);
				GCC_WARN_64_TO_32_BIT_CONVERSION = YES;
				GCC_WARN_ABOUT_RETURN_TYPE = YES_ERROR;
				GCC_WARN_UNDECLARED_SELECTOR = YES;
				GCC_WARN_UNINITIALIZED_AUTOS = YES_AGGRESSIVE;
				GCC_WARN_UNUSED_FUNCTION = YES;
				GCC_WARN_UNUSED_VARIABLE = YES;
				IPHONEOS_DEPLOYMENT_TARGET = 12.1;
				MTL_ENABLE_DEBUG_INFO = INCLUDE_SOURCE;
				MTL_FAST_MATH = YES;
				ONLY_ACTIVE_ARCH = YES;
				SDKROOT = iphoneos;
				SWIFT_ACTIVE_COMPILATION_CONDITIONS = DEBUG;
				SWIFT_OPTIMIZATION_LEVEL = "-Onone";
			};
			name = Debug;
		};
		151E8D7421AE4FF300948394 /* Release */ = {
			isa = XCBuildConfiguration;
			buildSettings = {
				ALWAYS_SEARCH_USER_PATHS = NO;
				CLANG_ANALYZER_NONNULL = YES;
				CLANG_ANALYZER_NUMBER_OBJECT_CONVERSION = YES_AGGRESSIVE;
				CLANG_CXX_LANGUAGE_STANDARD = "gnu++14";
				CLANG_CXX_LIBRARY = "libc++";
				CLANG_ENABLE_MODULES = YES;
				CLANG_ENABLE_OBJC_ARC = YES;
				CLANG_ENABLE_OBJC_WEAK = YES;
				CLANG_WARN_BLOCK_CAPTURE_AUTORELEASING = YES;
				CLANG_WARN_BOOL_CONVERSION = YES;
				CLANG_WARN_COMMA = YES;
				CLANG_WARN_CONSTANT_CONVERSION = YES;
				CLANG_WARN_DEPRECATED_OBJC_IMPLEMENTATIONS = YES;
				CLANG_WARN_DIRECT_OBJC_ISA_USAGE = YES_ERROR;
				CLANG_WARN_DOCUMENTATION_COMMENTS = YES;
				CLANG_WARN_EMPTY_BODY = YES;
				CLANG_WARN_ENUM_CONVERSION = YES;
				CLANG_WARN_INFINITE_RECURSION = YES;
				CLANG_WARN_INT_CONVERSION = YES;
				CLANG_WARN_NON_LITERAL_NULL_CONVERSION = YES;
				CLANG_WARN_OBJC_IMPLICIT_RETAIN_SELF = YES;
				CLANG_WARN_OBJC_LITERAL_CONVERSION = YES;
				CLANG_WARN_OBJC_ROOT_CLASS = YES_ERROR;
				CLANG_WARN_RANGE_LOOP_ANALYSIS = YES;
				CLANG_WARN_STRICT_PROTOTYPES = YES;
				CLANG_WARN_SUSPICIOUS_MOVE = YES;
				CLANG_WARN_UNGUARDED_AVAILABILITY = YES_AGGRESSIVE;
				CLANG_WARN_UNREACHABLE_CODE = YES;
				CLANG_WARN__DUPLICATE_METHOD_MATCH = YES;
				CODE_SIGN_IDENTITY = "iPhone Developer";
				COPY_PHASE_STRIP = NO;
				DEBUG_INFORMATION_FORMAT = "dwarf-with-dsym";
				ENABLE_NS_ASSERTIONS = NO;
				ENABLE_STRICT_OBJC_MSGSEND = YES;
				GCC_C_LANGUAGE_STANDARD = gnu11;
				GCC_NO_COMMON_BLOCKS = YES;
				GCC_WARN_64_TO_32_BIT_CONVERSION = YES;
				GCC_WARN_ABOUT_RETURN_TYPE = YES_ERROR;
				GCC_WARN_UNDECLARED_SELECTOR = YES;
				GCC_WARN_UNINITIALIZED_AUTOS = YES_AGGRESSIVE;
				GCC_WARN_UNUSED_FUNCTION = YES;
				GCC_WARN_UNUSED_VARIABLE = YES;
				IPHONEOS_DEPLOYMENT_TARGET = 12.1;
				MTL_ENABLE_DEBUG_INFO = NO;
				MTL_FAST_MATH = YES;
				SDKROOT = iphoneos;
				SWIFT_COMPILATION_MODE = wholemodule;
				SWIFT_OPTIMIZATION_LEVEL = "-O";
				VALIDATE_PRODUCT = YES;
			};
			name = Release;
		};
		151E8D7621AE4FF300948394 /* Debug */ = {
			isa = XCBuildConfiguration;
			baseConfigurationReference = B7783F99F6D55CA0F217E1FE /* Pods-ShudderProject.debug.xcconfig */;
			buildSettings = {
				ASSETCATALOG_COMPILER_APPICON_NAME = AppIcon;
				CODE_SIGN_STYLE = Automatic;
				DEVELOPMENT_TEAM = FV3D9VKFY4;
				INFOPLIST_FILE = ShudderProject/Info.plist;
				LD_RUNPATH_SEARCH_PATHS = (
					"$(inherited)",
					"@executable_path/Frameworks",
				);
				PRODUCT_BUNDLE_IDENTIFIER = com.duykhac.ShudderProject;
				PRODUCT_NAME = "$(TARGET_NAME)";
				SWIFT_VERSION = 4.2;
				TARGETED_DEVICE_FAMILY = "1,2";
			};
			name = Debug;
		};
		151E8D7721AE4FF300948394 /* Release */ = {
			isa = XCBuildConfiguration;
			baseConfigurationReference = 7496874A0F256D6CEF38FB85 /* Pods-ShudderProject.release.xcconfig */;
			buildSettings = {
				ASSETCATALOG_COMPILER_APPICON_NAME = AppIcon;
				CODE_SIGN_STYLE = Automatic;
				DEVELOPMENT_TEAM = FV3D9VKFY4;
				INFOPLIST_FILE = ShudderProject/Info.plist;
				LD_RUNPATH_SEARCH_PATHS = (
					"$(inherited)",
					"@executable_path/Frameworks",
				);
				PRODUCT_BUNDLE_IDENTIFIER = com.duykhac.ShudderProject;
				PRODUCT_NAME = "$(TARGET_NAME)";
				SWIFT_VERSION = 4.2;
				TARGETED_DEVICE_FAMILY = "1,2";
			};
			name = Release;
		};
/* End XCBuildConfiguration section */

/* Begin XCConfigurationList section */
		151E8D5E21AE4FF200948394 /* Build configuration list for PBXProject "ShudderProject" */ = {
			isa = XCConfigurationList;
			buildConfigurations = (
				151E8D7321AE4FF300948394 /* Debug */,
				151E8D7421AE4FF300948394 /* Release */,
			);
			defaultConfigurationIsVisible = 0;
			defaultConfigurationName = Release;
		};
		151E8D7521AE4FF300948394 /* Build configuration list for PBXNativeTarget "ShudderProject" */ = {
			isa = XCConfigurationList;
			buildConfigurations = (
				151E8D7621AE4FF300948394 /* Debug */,
				151E8D7721AE4FF300948394 /* Release */,
			);
			defaultConfigurationIsVisible = 0;
			defaultConfigurationName = Release;
		};
/* End XCConfigurationList section */
	};
	rootObject = 151E8D5B21AE4FF200948394 /* Project object */;
}
